// !$*UTF8*$!
{
	archiveVersion = 1;
	classes = {
	};
	objectVersion = 46;
	objects = {

/* Begin PBXBuildFile section */
		C9ABFE621D3933EF00C66DA9 /* AppDelegate.swift in Sources */ = {isa = PBXBuildFile; fileRef = C9ABFE611D3933EF00C66DA9 /* AppDelegate.swift */; };
		C9ABFE641D3933EF00C66DA9 /* ViewController.swift in Sources */ = {isa = PBXBuildFile; fileRef = C9ABFE631D3933EF00C66DA9 /* ViewController.swift */; };
		C9ABFE671D3933EF00C66DA9 /* Main.storyboard in Resources */ = {isa = PBXBuildFile; fileRef = C9ABFE651D3933EF00C66DA9 /* Main.storyboard */; };
		C9ABFE691D3933EF00C66DA9 /* Assets.xcassets in Resources */ = {isa = PBXBuildFile; fileRef = C9ABFE681D3933EF00C66DA9 /* Assets.xcassets */; };
		C9ABFE6C1D3933EF00C66DA9 /* LaunchScreen.storyboard in Resources */ = {isa = PBXBuildFile; fileRef = C9ABFE6A1D3933EF00C66DA9 /* LaunchScreen.storyboard */; };
/* End PBXBuildFile section */

/* Begin PBXFileReference section */
		C9ABFE5E1D3933EF00C66DA9 /* TiltToScroll.app */ = {isa = PBXFileReference; explicitFileType = wrapper.application; includeInIndex = 0; path = TiltToScroll.app; sourceTree = BUILT_PRODUCTS_DIR; };
		C9ABFE611D3933EF00C66DA9 /* AppDelegate.swift */ = {isa = PBXFileReference; lastKnownFileType = sourcecode.swift; path = AppDelegate.swift; sourceTree = "<group>"; };
		C9ABFE631D3933EF00C66DA9 /* ViewController.swift */ = {isa = PBXFileReference; lastKnownFileType = sourcecode.swift; path = ViewController.swift; sourceTree = "<group>"; };
		C9ABFE661D3933EF00C66DA9 /* Base */ = {isa = PBXFileReference; lastKnownFileType = file.storyboard; name = Base; path = Base.lproj/Main.storyboard; sourceTree = "<group>"; };
		C9ABFE681D3933EF00C66DA9 /* Assets.xcassets */ = {isa = PBXFileReference; lastKnownFileType = folder.assetcatalog; path = Assets.xcassets; sourceTree = "<group>"; };
		C9ABFE6B1D3933EF00C66DA9 /* Base */ = {isa = PBXFileReference; lastKnownFileType = file.storyboard; name = Base; path = Base.lproj/LaunchScreen.storyboard; sourceTree = "<group>"; };
		C9ABFE6D1D3933EF00C66DA9 /* Info.plist */ = {isa = PBXFileReference; lastKnownFileType = text.plist.xml; path = Info.plist; sourceTree = "<group>"; };
/* End PBXFileReference section */

/* Begin PBXFrameworksBuildPhase section */
		C9ABFE5B1D3933EF00C66DA9 /* Frameworks */ = {
			isa = PBXFrameworksBuildPhase;
			buildActionMask = 2147483647;
			files = (
			);
			runOnlyForDeploymentPostprocessing = 0;
		};
/* End PBXFrameworksBuildPhase section */

/* Begin PBXGroup section */
		C9ABFE551D3933EF00C66DA9 = {
			isa = PBXGroup;
			children = (
				C9ABFE601D3933EF00C66DA9 /* TiltToScroll */,
				C9ABFE5F1D3933EF00C66DA9 /* Products */,
			);
			sourceTree = "<group>";
		};
		C9ABFE5F1D3933EF00C66DA9 /* Products */ = {
			isa = PBXGroup;
			children = (
				C9ABFE5E1D3933EF00C66DA9 /* TiltToScroll.app */,
			);
			name = Products;
			sourceTree = "<group>";
		};
		C9ABFE601D3933EF00C66DA9 /* TiltToScroll */ = {
			isa = PBXGroup;
			children = (
				C9ABFE611D3933EF00C66DA9 /* AppDelegate.swift */,
				C9ABFE631D3933EF00C66DA9 /* ViewController.swift */,
				C9ABFE651D3933EF00C66DA9 /* Main.storyboard */,
				C9ABFE681D3933EF00C66DA9 /* Assets.xcassets */,
				C9ABFE6A1D3933EF00C66DA9 /* LaunchScreen.storyboard */,
				C9ABFE6D1D3933EF00C66DA9 /* Info.plist */,
			);
			path = TiltToScroll;
			sourceTree = "<group>";
		};
/* End PBXGroup section */

/* Begin PBXNativeTarget section */
		C9ABFE5D1D3933EF00C66DA9 /* TiltToScroll */ = {
			isa = PBXNativeTarget;
			buildConfigurationList = C9ABFE701D3933EF00C66DA9 /* Build configuration list for PBXNativeTarget "TiltToScroll" */;
			buildPhases = (
				C9ABFE5A1D3933EF00C66DA9 /* Sources */,
				C9ABFE5B1D3933EF00C66DA9 /* Frameworks */,
				C9ABFE5C1D3933EF00C66DA9 /* Resources */,
			);
			buildRules = (
			);
			dependencies = (
			);
			name = TiltToScroll;
			productName = TiltToScroll;
			productReference = C9ABFE5E1D3933EF00C66DA9 /* TiltToScroll.app */;
			productType = "com.apple.product-type.application";
		};
/* End PBXNativeTarget section */

/* Begin PBXProject section */
		C9ABFE561D3933EF00C66DA9 /* Project object */ = {
			isa = PBXProject;
			attributes = {
				LastSwiftUpdateCheck = 0730;
				LastUpgradeCheck = 0730;
				ORGANIZATIONNAME = "Matt Milner";
				TargetAttributes = {
					C9ABFE5D1D3933EF00C66DA9 = {
						CreatedOnToolsVersion = 7.3.1;
					};
				};
			};
			buildConfigurationList = C9ABFE591D3933EF00C66DA9 /* Build configuration list for PBXProject "TiltToScroll" */;
			compatibilityVersion = "Xcode 3.2";
			developmentRegion = English;
			hasScannedForEncodings = 0;
			knownRegions = (
				en,
				Base,
			);
			mainGroup = C9ABFE551D3933EF00C66DA9;
			productRefGroup = C9ABFE5F1D3933EF00C66DA9 /* Products */;
			projectDirPath = "";
			projectRoot = "";
			targets = (
				C9ABFE5D1D3933EF00C66DA9 /* TiltToScroll */,
			);
		};
/* End PBXProject section */

/* Begin PBXResourcesBuildPhase section */
		C9ABFE5C1D3933EF00C66DA9 /* Resources */ = {
			isa = PBXResourcesBuildPhase;
			buildActionMask = 2147483647;
			files = (
				C9ABFE6C1D3933EF00C66DA9 /* LaunchScreen.storyboard in Resources */,
				C9ABFE691D3933EF00C66DA9 /* Assets.xcassets in Resources */,
				C9ABFE671D3933EF00C66DA9 /* Main.storyboard in Resources */,
			);
			runOnlyForDeploymentPostprocessing = 0;
		};
/* End PBXResourcesBuildPhase section */

/* Begin PBXSourcesBuildPhase section */
		C9ABFE5A1D3933EF00C66DA9 /* Sources */ = {
			isa = PBXSourcesBuildPhase;
			buildActionMask = 2147483647;
			files = (
				C9ABFE641D3933EF00C66DA9 /* ViewController.swift in Sources */,
				C9ABFE621D3933EF00C66DA9 /* AppDelegate.swift in Sources */,
			);
			runOnlyForDeploymentPostprocessing = 0;
		};
/* End PBXSourcesBuildPhase section */

/* Begin PBXVariantGroup section */
		C9ABFE651D3933EF00C66DA9 /* Main.storyboard */ = {
			isa = PBXVariantGroup;
			children = (
				C9ABFE661D3933EF00C66DA9 /* Base */,
			);
			name = Main.storyboard;
			sourceTree = "<group>";
		};
		C9ABFE6A1D3933EF00C66DA9 /* LaunchScreen.storyboard */ = {
			isa = PBXVariantGroup;
			children = (
				C9ABFE6B1D3933EF00C66DA9 /* Base */,
			);
			name = LaunchScreen.storyboard;
			sourceTree = "<group>";
		};
/* End PBXVariantGroup section */

/* Begin XCBuildConfiguration section */
		C9ABFE6E1D3933EF00C66DA9 /* Debug */ = {
			isa = XCBuildConfiguration;
			buildSettings = {
				ALWAYS_SEARCH_USER_PATHS = NO;
				CLANG_ANALYZER_NONNULL = YES;
				CLANG_CXX_LANGUAGE_STANDARD = "gnu++0x";
				CLANG_CXX_LIBRARY = "libc++";
				CLANG_ENABLE_MODULES = YES;
				CLANG_ENABLE_OBJC_ARC = YES;
				CLANG_WARN_BOOL_CONVERSION = YES;
				CLANG_WARN_CONSTANT_CONVERSION = YES;
				CLANG_WARN_DIRECT_OBJC_ISA_USAGE = YES_ERROR;
				CLANG_WARN_EMPTY_BODY = YES;
				CLANG_WARN_ENUM_CONVERSION = YES;
				CLANG_WARN_INT_CONVERSION = YES;
				CLANG_WARN_OBJC_ROOT_CLASS = YES_ERROR;
				CLANG_WARN_UNREACHABLE_CODE = YES;
				CLANG_WARN__DUPLICATE_METHOD_MATCH = YES;
				"CODE_SIGN_IDENTITY[sdk=iphoneos*]" = "iPhone Developer";
				COPY_PHASE_STRIP = NO;
				DEBUG_INFORMATION_FORMAT = dwarf;
				ENABLE_STRICT_OBJC_MSGSEND = YES;
				ENABLE_TESTABILITY = YES;
				GCC_C_LANGUAGE_STANDARD = gnu99;
				GCC_DYNAMIC_NO_PIC = NO;
				GCC_NO_COMMON_BLOCKS = YES;
				GCC_OPTIMIZATION_LEVEL = 0;
				GCC_PREPROCESSOR_DEFINITIONS = (
					"DEBUG=1",
					"$(inherited)",
				);
				GCC_WARN_64_TO_32_BIT_CONVERSION = YES;
				GCC_WARN_ABOUT_RETURN_TYPE = YES_ERROR;
				GCC_WARN_UNDECLARED_SELECTOR = YES;
				GCC_WARN_UNINITIALIZED_AUTOS = YES_AGGRESSIVE;
				GCC_WARN_UNUSED_FUNCTION = YES;
				GCC_WARN_UNUSED_VARIABLE = YES;
				IPHONEOS_DEPLOYMENT_TARGET = 9.3;
				MTL_ENABLE_DEBUG_INFO = YES;
				ONLY_ACTIVE_ARCH = YES;
				SDKROOT = iphoneos;
				SWIFT_OPTIMIZATION_LEVEL = "-Onone";
				TARGETED_DEVICE_FAMILY = "1,2";
			};
			name = Debug;
		};
		C9ABFE6F1D3933EF00C66DA9 /* Release */ = {
			isa = XCBuildConfiguration;
			buildSettings = {
				ALWAYS_SEARCH_USER_PATHS = NO;
				CLANG_ANALYZER_NONNULL = YES;
				CLANG_CXX_LANGUAGE_STANDARD = "gnu++0x";
				CLANG_CXX_LIBRARY = "libc++";
				CLANG_ENABLE_MODULES = YES;
				CLANG_ENABLE_OBJC_ARC = YES;
				CLANG_WARN_BOOL_CONVERSION = YES;
				CLANG_WARN_CONSTANT_CONVERSION = YES;
				CLANG_WARN_DIRECT_OBJC_ISA_USAGE = YES_ERROR;
				CLANG_WARN_EMPTY_BODY = YES;
				CLANG_WARN_ENUM_CONVERSION = YES;
				CLANG_WARN_INT_CONVERSION = YES;
				CLANG_WARN_OBJC_ROOT_CLASS = YES_ERROR;
				CLANG_WARN_UNREACHABLE_CODE = YES;
				CLANG_WARN__DUPLICATE_METHOD_MATCH = YES;
				"CODE_SIGN_IDENTITY[sdk=iphoneos*]" = "iPhone Developer";
				COPY_PHASE_STRIP = NO;
				DEBUG_INFORMATION_FORMAT = "dwarf-with-dsym";
				ENABLE_NS_ASSERTIONS = NO;
				ENABLE_STRICT_OBJC_MSGSEND = YES;
				GCC_C_LANGUAGE_STANDARD = gnu99;
				GCC_NO_COMMON_BLOCKS = YES;
				GCC_WARN_64_TO_32_BIT_CONVERSION = YES;
				GCC_WARN_ABOUT_RETURN_TYPE = YES_ERROR;
				GCC_WARN_UNDECLARED_SELECTOR = YES;
				GCC_WARN_UNINITIALIZED_AUTOS = YES_AGGRESSIVE;
				GCC_WARN_UNUSED_FUNCTION = YES;
				GCC_WARN_UNUSED_VARIABLE = YES;
				IPHONEOS_DEPLOYMENT_TARGET = 9.3;
				MTL_ENABLE_DEBUG_INFO = NO;
				SDKROOT = iphoneos;
				TARGETED_DEVICE_FAMILY = "1,2";
				VALIDATE_PRODUCT = YES;
			};
			name = Release;
		};
		C9ABFE711D3933EF00C66DA9 /* Debug */ = {
			isa = XCBuildConfiguration;
			buildSettings = {
				ASSETCATALOG_COMPILER_APPICON_NAME = AppIcon;
				INFOPLIST_FILE = TiltToScroll/Info.plist;
				LD_RUNPATH_SEARCH_PATHS = "$(inherited) @executable_path/Frameworks";
				PRODUCT_BUNDLE_IDENTIFIER = com.theironyard.houston.TiltToScroll;
				PRODUCT_NAME = "$(TARGET_NAME)";
			};
			name = Debug;
		};
		C9ABFE721D3933EF00C66DA9 /* Release */ = {
			isa = XCBuildConfiguration;
			buildSettings = {
				ASSETCATALOG_COMPILER_APPICON_NAME = AppIcon;
				INFOPLIST_FILE = TiltToScroll/Info.plist;
				LD_RUNPATH_SEARCH_PATHS = "$(inherited) @executable_path/Frameworks";
				PRODUCT_BUNDLE_IDENTIFIER = com.theironyard.houston.TiltToScroll;
				PRODUCT_NAME = "$(TARGET_NAME)";
			};
			name = Release;
		};
/* End XCBuildConfiguration section */

/* Begin XCConfigurationList section */
		C9ABFE591D3933EF00C66DA9 /* Build configuration list for PBXProject "TiltToScroll" */ = {
			isa = XCConfigurationList;
			buildConfigurations = (
				C9ABFE6E1D3933EF00C66DA9 /* Debug */,
				C9ABFE6F1D3933EF00C66DA9 /* Release */,
			);
			defaultConfigurationIsVisible = 0;
			defaultConfigurationName = Release;
		};
		C9ABFE701D3933EF00C66DA9 /* Build configuration list for PBXNativeTarget "TiltToScroll" */ = {
			isa = XCConfigurationList;
			buildConfigurations = (
				C9ABFE711D3933EF00C66DA9 /* Debug */,
				C9ABFE721D3933EF00C66DA9 /* Release */,
			);
			defaultConfigurationIsVisible = 0;
		};
/* End XCConfigurationList section */
	};
	rootObject = C9ABFE561D3933EF00C66DA9 /* Project object */;
}
